
Microsoft Visual Studio Solution File, Format Version 12.00
# Visual Studio 15
VisualStudioVersion = 15.0.28307.168
MinimumVisualStudioVersion = 10.0.40219.1
Project("{FAE04EC0-301F-11D3-BF4B-00C04F79EFBC}") = "QrcodeWebApplication", "QrcodeWebApplication\QrcodeWebApplication.csproj", "{665159DD-F4BA-41D5-9CED-32C339027A4B}"
EndProject
Global
	GlobalSection(SolutionConfigurationPlatforms) = preSolution
		Debug|Any CPU = Debug|Any CPU
		Release|Any CPU = Release|Any CPU
	EndGlobalSection
	GlobalSection(ProjectConfigurationPlatforms) = postSolution
		{665159DD-F4BA-41D5-9CED-32C339027A4B}.Debug|Any CPU.ActiveCfg = Debug|Any CPU
		{665159DD-F4BA-41D5-9CED-32C339027A4B}.Debug|Any CPU.Build.0 = Debug|Any CPU
		{665159DD-F4BA-41D5-9CED-32C339027A4B}.Release|Any CPU.ActiveCfg = Release|Any CPU
		{665159DD-F4BA-41D5-9CED-32C339027A4B}.Release|Any CPU.Build.0 = Release|Any CPU
	EndGlobalSection
	GlobalSection(SolutionProperties) = preSolution
		HideSolutionNode = FALSE
	EndGlobalSection
	GlobalSection(ExtensibilityGlobals) = postSolution
		SolutionGuid = {DBF779F7-B8B4-4692-A05D-5C2DC752C9DE}
	EndGlobalSection
EndGlobal
